// !$*UTF8*$!
{
	archiveVersion = 1;
	classes = {
	};
	objectVersion = 54;
	objects = {

/* Begin PBXBuildFile section */
		1498D2341E8E89220040F4C2 /* GeneratedPluginRegistrant.m in Sources */ = {isa = PBXBuildFile; fileRef = 1498D2331E8E89220040F4C2 /* GeneratedPluginRegistrant.m */; };
		31796CAD0B17C5114268181B /* Pods_RunnerTests.framework in Frameworks */ = {isa = PBXBuildFile; fileRef = 33E6E27FDF4CD9CF6E6DCFB7 /* Pods_RunnerTests.framework */; };
		331C808B294A63AB00263BE5 /* RunnerTests.swift in Sources */ = {isa = PBXBuildFile; fileRef = 331C807B294A618700263BE5 /* RunnerTests.swift */; };
		3B3967161E833CAA004F5970 /* AppFrameworkInfo.plist in Resources */ = {isa = PBXBuildFile; fileRef = 3B3967151E833CAA004F5970 /* AppFrameworkInfo.plist */; };
		5FD029EA2F2AF56F0094F04E /* Alamofire.framework in Frameworks */ = {isa = PBXBuildFile; fileRef = 5FE2C4F32EF256A00029A76A /* Alamofire.framework */; };
		5FD029EB2F2AF56F0094F04E /* Alamofire.framework in Embed Frameworks */ = {isa = PBXBuildFile; fileRef = 5FE2C4F32EF256A00029A76A /* Alamofire.framework */; settings = {ATTRIBUTES = (CodeSignOnCopy, RemoveHeadersOnCopy, ); }; };
		5FD029EC2F2AF56F0094F04E /* DPOTPView.framework in Frameworks */ = {isa = PBXBuildFile; fileRef = 5FE2C4FA2EF256A00029A76A /* DPOTPView.framework */; };
		5FD029ED2F2AF56F0094F04E /* DPOTPView.framework in Embed Frameworks */ = {isa = PBXBuildFile; fileRef = 5FE2C4FA2EF256A00029A76A /* DPOTPView.framework */; settings = {ATTRIBUTES = (CodeSignOnCopy, RemoveHeadersOnCopy, ); }; };
		5FD029EE2F2AF56F0094F04E /* DropDown.framework in Frameworks */ = {isa = PBXBuildFile; fileRef = 5FE2C4FC2EF256A10029A76A /* DropDown.framework */; };
		5FD029EF2F2AF56F0094F04E /* DropDown.framework in Embed Frameworks */ = {isa = PBXBuildFile; fileRef = 5FE2C4FC2EF256A10029A76A /* DropDown.framework */; settings = {ATTRIBUTES = (CodeSignOnCopy, RemoveHeadersOnCopy, ); }; };
		5FD029F02F2AF56F0094F04E /* eContractSDK.framework in Frameworks */ = {isa = PBXBuildFile; fileRef = 5FE2C4F92EF256A00029A76A /* eContractSDK.framework */; };
		5FD029F12F2AF56F0094F04E /* eContractSDK.framework in Embed Frameworks */ = {isa = PBXBuildFile; fileRef = 5FE2C4F92EF256A00029A76A /* eContractSDK.framework */; settings = {ATTRIBUTES = (CodeSignOnCopy, RemoveHeadersOnCopy, ); }; };
		5FD029F22F2AF56F0094F04E /* eKYCLib.xcframework in Frameworks */ = {isa = PBXBuildFile; fileRef = 5FE2C4F52EF256A00029A76A /* eKYCLib.xcframework */; };
		5FD029F32F2AF56F0094F04E /* eKYCLib.xcframework in Embed Frameworks */ = {isa = PBXBuildFile; fileRef = 5FE2C4F52EF256A00029A76A /* eKYCLib.xcframework */; settings = {ATTRIBUTES = (CodeSignOnCopy, RemoveHeadersOnCopy, ); }; };
		5FD029F42F2AF56F0094F04E /* ICSdkEKYC.xcframework in Frameworks */ = {isa = PBXBuildFile; fileRef = 5FE2C4F02EF256A00029A76A /* ICSdkEKYC.xcframework */; };
		5FD029F52F2AF56F0094F04E /* ICSdkEKYC.xcframework in Embed Frameworks */ = {isa = PBXBuildFile; fileRef = 5FE2C4F02EF256A00029A76A /* ICSdkEKYC.xcframework */; settings = {ATTRIBUTES = (CodeSignOnCopy, RemoveHeadersOnCopy, ); }; };
		5FD029F62F2AF56F0094F04E /* IQKeyboardManagerSwift.framework in Frameworks */ = {isa = PBXBuildFile; fileRef = 5FE2C4EE2EF256A00029A76A /* IQKeyboardManagerSwift.framework */; };
		5FD029F72F2AF56F0094F04E /* IQKeyboardManagerSwift.framework in Embed Frameworks */ = {isa = PBXBuildFile; fileRef = 5FE2C4EE2EF256A00029A76A /* IQKeyboardManagerSwift.framework */; settings = {ATTRIBUTES = (CodeSignOnCopy, RemoveHeadersOnCopy, ); }; };
		5FD029F82F2AF56F0094F04E /* JWTDecode.framework in Frameworks */ = {isa = PBXBuildFile; fileRef = 5FE2C4F22EF256A00029A76A /* JWTDecode.framework */; };
		5FD029F92F2AF56F0094F04E /* JWTDecode.framework in Embed Frameworks */ = {isa = PBXBuildFile; fileRef = 5FE2C4F22EF256A00029A76A /* JWTDecode.framework */; settings = {ATTRIBUTES = (CodeSignOnCopy, RemoveHeadersOnCopy, ); }; };
		5FD029FA2F2AF56F0094F04E /* Moya.framework in Frameworks */ = {isa = PBXBuildFile; fileRef = 5FE2C4EF2EF256A00029A76A /* Moya.framework */; };
		5FD029FB2F2AF56F0094F04E /* Moya.framework in Embed Frameworks */ = {isa = PBXBuildFile; fileRef = 5FE2C4EF2EF256A00029A76A /* Moya.framework */; settings = {ATTRIBUTES = (CodeSignOnCopy, RemoveHeadersOnCopy, ); }; };
		5FD029FC2F2AF56F0094F04E /* NVActivityIndicatorView.framework in Frameworks */ = {isa = PBXBuildFile; fileRef = 5FE2C4F72EF256A00029A76A /* NVActivityIndicatorView.framework */; };
		5FD029FD2F2AF56F0094F04E /* NVActivityIndicatorView.framework in Embed Frameworks */ = {isa = PBXBuildFile; fileRef = 5FE2C4F72EF256A00029A76A /* NVActivityIndicatorView.framework */; settings = {ATTRIBUTES = (CodeSignOnCopy, RemoveHeadersOnCopy, ); }; };
		5FD029FE2F2AF56F0094F04E /* ObjectMapper.framework in Frameworks */ = {isa = PBXBuildFile; fileRef = 5FE2C4FB2EF256A10029A76A /* ObjectMapper.framework */; };
		5FD029FF2F2AF56F0094F04E /* ObjectMapper.framework in Embed Frameworks */ = {isa = PBXBuildFile; fileRef = 5FE2C4FB2EF256A10029A76A /* ObjectMapper.framework */; settings = {ATTRIBUTES = (CodeSignOnCopy, RemoveHeadersOnCopy, ); }; };
		5FD02A002F2AF56F0094F04E /* RxAlamofire.framework in Frameworks */ = {isa = PBXBuildFile; fileRef = 5FE2C4F82EF256A00029A76A /* RxAlamofire.framework */; };
		5FD02A012F2AF56F0094F04E /* RxAlamofire.framework in Embed Frameworks */ = {isa = PBXBuildFile; fileRef = 5FE2C4F82EF256A00029A76A /* RxAlamofire.framework */; settings = {ATTRIBUTES = (CodeSignOnCopy, RemoveHeadersOnCopy, ); }; };
		5FD02A022F2AF56F0094F04E /* RxCocoa.framework in Frameworks */ = {isa = PBXBuildFile; fileRef = 5FE2C4F12EF256A00029A76A /* RxCocoa.framework */; };
		5FD02A032F2AF56F0094F04E /* RxCocoa.framework in Embed Frameworks */ = {isa = PBXBuildFile; fileRef = 5FE2C4F12EF256A00029A76A /* RxCocoa.framework */; settings = {ATTRIBUTES = (CodeSignOnCopy, RemoveHeadersOnCopy, ); }; };
		5FD02A042F2AF56F0094F04E /* RxRelay.framework in Frameworks */ = {isa = PBXBuildFile; fileRef = 5FE2C4F42EF256A00029A76A /* RxRelay.framework */; };
		5FD02A052F2AF56F0094F04E /* RxRelay.framework in Embed Frameworks */ = {isa = PBXBuildFile; fileRef = 5FE2C4F42EF256A00029A76A /* RxRelay.framework */; settings = {ATTRIBUTES = (CodeSignOnCopy, RemoveHeadersOnCopy, ); }; };
		5FD02A062F2AF56F0094F04E /* RxSwift.framework in Frameworks */ = {isa = PBXBuildFile; fileRef = 5FE2C4FE2EF256A10029A76A /* RxSwift.framework */; };
		5FD02A072F2AF56F0094F04E /* RxSwift.framework in Embed Frameworks */ = {isa = PBXBuildFile; fileRef = 5FE2C4FE2EF256A10029A76A /* RxSwift.framework */; settings = {ATTRIBUTES = (CodeSignOnCopy, RemoveHeadersOnCopy, ); }; };
		5FD02A082F2AF56F0094F04E /* SignaturePad.framework in Frameworks */ = {isa = PBXBuildFile; fileRef = 5FE2C4F62EF256A00029A76A /* SignaturePad.framework */; };
		5FD02A092F2AF56F0094F04E /* SignaturePad.framework in Embed Frameworks */ = {isa = PBXBuildFile; fileRef = 5FE2C4F62EF256A00029A76A /* SignaturePad.framework */; settings = {ATTRIBUTES = (CodeSignOnCopy, RemoveHeadersOnCopy, ); }; };
		5FD02A0A2F2AF56F0094F04E /* SmartCASDK.framework in Frameworks */ = {isa = PBXBuildFile; fileRef = 5FE2C4FD2EF256A10029A76A /* SmartCASDK.framework */; };
		5FD02A0B2F2AF56F0094F04E /* SmartCASDK.framework in Embed Frameworks */ = {isa = PBXBuildFile; fileRef = 5FE2C4FD2EF256A10029A76A /* SmartCASDK.framework */; settings = {ATTRIBUTES = (CodeSignOnCopy, RemoveHeadersOnCopy, ); }; };
		705ADEF7875A443EB1B3DD42 /* GoogleService-Info.plist in Resources */ = {isa = PBXBuildFile; fileRef = 9254437E6069A532189D0327 /* GoogleService-Info.plist */; };
		74858FAF1ED2DC5600515810 /* AppDelegate.swift in Sources */ = {isa = PBXBuildFile; fileRef = 74858FAE1ED2DC5600515810 /* AppDelegate.swift */; };
		97C146FC1CF9000F007C117D /* Main.storyboard in Resources */ = {isa = PBXBuildFile; fileRef = 97C146FA1CF9000F007C117D /* Main.storyboard */; };
		97C146FE1CF9000F007C117D /* Assets.xcassets in Resources */ = {isa = PBXBuildFile; fileRef = 97C146FD1CF9000F007C117D /* Assets.xcassets */; };
		97C147011CF9000F007C117D /* LaunchScreen.storyboard in Resources */ = {isa = PBXBuildFile; fileRef = 97C146FF1CF9000F007C117D /* LaunchScreen.storyboard */; };
		EF979F203383D019B7DB699D /* Pods_Runner.framework in Frameworks */ = {isa = PBXBuildFile; fileRef = E8FC719E1F776EFA56ADEE04 /* Pods_Runner.framework */; };
/* End PBXBuildFile section */

/* Begin PBXContainerItemProxy section */
		331C8085294A63A400263BE5 /* PBXContainerItemProxy */ = {
			isa = PBXContainerItemProxy;
			containerPortal = 97C146E61CF9000F007C117D /* Project object */;
			proxyType = 1;
			remoteGlobalIDString = 97C146ED1CF9000F007C117D;
			remoteInfo = Runner;
		};
/* End PBXContainerItemProxy section */

/* Begin PBXCopyFilesBuildPhase section */
		5FD02A0C2F2AF56F0094F04E /* Embed Frameworks */ = {
			isa = PBXCopyFilesBuildPhase;
			buildActionMask = 2147483647;
			dstPath = "";
			dstSubfolderSpec = 10;
			files = (
				5FD029F92F2AF56F0094F04E /* JWTDecode.framework in Embed Frameworks */,
				5FD029FF2F2AF56F0094F04E /* ObjectMapper.framework in Embed Frameworks */,
				5FD02A032F2AF56F0094F04E /* RxCocoa.framework in Embed Frameworks */,
				5FD02A0B2F2AF56F0094F04E /* SmartCASDK.framework in Embed Frameworks */,
				5FD029EB2F2AF56F0094F04E /* Alamofire.framework in Embed Frameworks */,
				5FD02A052F2AF56F0094F04E /* RxRelay.framework in Embed Frameworks */,
				5FD02A072F2AF56F0094F04E /* RxSwift.framework in Embed Frameworks */,
				5FD029F72F2AF56F0094F04E /* IQKeyboardManagerSwift.framework in Embed Frameworks */,
				5FD029ED2F2AF56F0094F04E /* DPOTPView.framework in Embed Frameworks */,
				5FD029FD2F2AF56F0094F04E /* NVActivityIndicatorView.framework in Embed Frameworks */,
				5FD02A092F2AF56F0094F04E /* SignaturePad.framework in Embed Frameworks */,
				5FD029F52F2AF56F0094F04E /* ICSdkEKYC.xcframework in Embed Frameworks */,
				5FD029EF2F2AF56F0094F04E /* DropDown.framework in Embed Frameworks */,
				5FD029F32F2AF56F0094F04E /* eKYCLib.xcframework in Embed Frameworks */,
				5FD029FB2F2AF56F0094F04E /* Moya.framework in Embed Frameworks */,
				5FD029F12F2AF56F0094F04E /* eContractSDK.framework in Embed Frameworks */,
				5FD02A012F2AF56F0094F04E /* RxAlamofire.framework in Embed Frameworks */,
			);
			name = "Embed Frameworks";
			runOnlyForDeploymentPostprocessing = 0;
		};
/* End PBXCopyFilesBuildPhase section */

/* Begin PBXFileReference section */
		109F468608ED619EBCF8387B /* Pods-Runner.profile.xcconfig */ = {isa = PBXFileReference; includeInIndex = 1; lastKnownFileType = text.xcconfig; name = "Pods-Runner.profile.xcconfig"; path = "Target Support Files/Pods-Runner/Pods-Runner.profile.xcconfig"; sourceTree = "<group>"; };
		1498D2321E8E86230040F4C2 /* GeneratedPluginRegistrant.h */ = {isa = PBXFileReference; lastKnownFileType = sourcecode.c.h; path = GeneratedPluginRegistrant.h; sourceTree = "<group>"; };
		1498D2331E8E89220040F4C2 /* GeneratedPluginRegistrant.m */ = {isa = PBXFileReference; fileEncoding = 4; lastKnownFileType = sourcecode.c.objc; path = GeneratedPluginRegistrant.m; sourceTree = "<group>"; };
		331C807B294A618700263BE5 /* RunnerTests.swift */ = {isa = PBXFileReference; lastKnownFileType = sourcecode.swift; path = RunnerTests.swift; sourceTree = "<group>"; };
		331C8081294A63A400263BE5 /* RunnerTests.xctest */ = {isa = PBXFileReference; explicitFileType = wrapper.cfbundle; includeInIndex = 0; path = RunnerTests.xctest; sourceTree = BUILT_PRODUCTS_DIR; };
		33E6E27FDF4CD9CF6E6DCFB7 /* Pods_RunnerTests.framework */ = {isa = PBXFileReference; explicitFileType = wrapper.framework; includeInIndex = 0; path = Pods_RunnerTests.framework; sourceTree = BUILT_PRODUCTS_DIR; };
		3B3967151E833CAA004F5970 /* AppFrameworkInfo.plist */ = {isa = PBXFileReference; fileEncoding = 4; lastKnownFileType = text.plist.xml; name = AppFrameworkInfo.plist; path = Flutter/AppFrameworkInfo.plist; sourceTree = "<group>"; };
		3FC9D4A1DA63A591740761F7 /* Pods-RunnerTests.profile.xcconfig */ = {isa = PBXFileReference; includeInIndex = 1; lastKnownFileType = text.xcconfig; name = "Pods-RunnerTests.profile.xcconfig"; path = "Target Support Files/Pods-RunnerTests/Pods-RunnerTests.profile.xcconfig"; sourceTree = "<group>"; };
		5F647B312EA88EBB0038E9D2 /* RxAlamofire.framework */ = {isa = PBXFileReference; lastKnownFileType = wrapper.framework; name = RxAlamofire.framework; path = "Runner/SDK_iOS/eContract-eKYC/RxAlamofire.framework"; sourceTree = "<group>"; };
		5F647B322EA88EBB0038E9D2 /* RxSwift.framework */ = {isa = PBXFileReference; lastKnownFileType = wrapper.framework; name = RxSwift.framework; path = "Runner/SDK_iOS/eContract-eKYC/RxSwift.framework"; sourceTree = "<group>"; };
		5F647B332EA88EBB0038E9D2 /* ObjectMapper.framework */ = {isa = PBXFileReference; lastKnownFileType = wrapper.framework; name = ObjectMapper.framework; path = "Runner/SDK_iOS/eContract-eKYC/ObjectMapper.framework"; sourceTree = "<group>"; };
		5F647B342EA88EBC0038E9D2 /* JWTDecode.framework */ = {isa = PBXFileReference; lastKnownFileType = wrapper.framework; name = JWTDecode.framework; path = "Runner/SDK_iOS/eContract-eKYC/JWTDecode.framework"; sourceTree = "<group>"; };
		5F647B352EA88EBC0038E9D2 /* eContractSDK.framework */ = {isa = PBXFileReference; lastKnownFileType = wrapper.framework; name = eContractSDK.framework; path = "Runner/SDK_iOS/eContract-eKYC/eContractSDK.framework"; sourceTree = "<group>"; };
		5F647B362EA88EBC0038E9D2 /* NVActivityIndicatorView.framework */ = {isa = PBXFileReference; lastKnownFileType = wrapper.framework; name = NVActivityIndicatorView.framework; path = "Runner/SDK_iOS/eContract-eKYC/NVActivityIndicatorView.framework"; sourceTree = "<group>"; };
		5F647B372EA88EBC0038E9D2 /* eKYCLib.xcframework */ = {isa = PBXFileReference; lastKnownFileType = wrapper.xcframework; name = eKYCLib.xcframework; path = "Runner/SDK_iOS/eContract-eKYC/eKYCLib.xcframework"; sourceTree = "<group>"; };
		5F647B382EA88EBC0038E9D2 /* SignaturePad.framework */ = {isa = PBXFileReference; lastKnownFileType = wrapper.framework; name = SignaturePad.framework; path = "Runner/SDK_iOS/eContract-eKYC/SignaturePad.framework"; sourceTree = "<group>"; };
		5F647B392EA88EBC0038E9D2 /* RxRelay.framework */ = {isa = PBXFileReference; lastKnownFileType = wrapper.framework; name = RxRelay.framework; path = "Runner/SDK_iOS/eContract-eKYC/RxRelay.framework"; sourceTree = "<group>"; };
		5F647B3A2EA88EBC0038E9D2 /* Moya.framework */ = {isa = PBXFileReference; lastKnownFileType = wrapper.framework; name = Moya.framework; path = "Runner/SDK_iOS/eContract-eKYC/Moya.framework"; sourceTree = "<group>"; };
		5F647B3B2EA88EBC0038E9D2 /* ICSdkEKYC.xcframework */ = {isa = PBXFileReference; lastKnownFileType = wrapper.xcframework; name = ICSdkEKYC.xcframework; path = "Runner/SDK_iOS/eContract-eKYC/ICSdkEKYC.xcframework"; sourceTree = "<group>"; };
		5F647B3C2EA88EBC0038E9D2 /* Alamofire.framework */ = {isa = PBXFileReference; lastKnownFileType = wrapper.framework; name = Alamofire.framework; path = "Runner/SDK_iOS/eContract-eKYC/Alamofire.framework"; sourceTree = "<group>"; };
		5F647B3D2EA88EBC0038E9D2 /* RxCocoa.framework */ = {isa = PBXFileReference; lastKnownFileType = wrapper.framework; name = RxCocoa.framework; path = "Runner/SDK_iOS/eContract-eKYC/RxCocoa.framework"; sourceTree = "<group>"; };
		5F647B582EA88ED30038E9D2 /* SmartCASDK.framework */ = {isa = PBXFileReference; lastKnownFileType = wrapper.framework; name = SmartCASDK.framework; path = Runner/SDK_iOS/SmartCASDK.framework; sourceTree = "<group>"; };
		5F97446A2EBB2BC10052BCD4 /* Alamofire.framework */ = {isa = PBXFileReference; lastKnownFileType = wrapper.framework; path = Alamofire.framework; sourceTree = "<group>"; };
		5F97446B2EBB2BC10052BCD4 /* eContractSDK.framework */ = {isa = PBXFileReference; lastKnownFileType = wrapper.framework; path = eContractSDK.framework; sourceTree = "<group>"; };
		5F97446C2EBB2BC10052BCD4 /* eKYCLib.xcframework */ = {isa = PBXFileReference; lastKnownFileType = wrapper.xcframework; path = eKYCLib.xcframework; sourceTree = "<group>"; };
		5F97446D2EBB2BC10052BCD4 /* ICSdkEKYC.xcframework */ = {isa = PBXFileReference; lastKnownFileType = wrapper.xcframework; path = ICSdkEKYC.xcframework; sourceTree = "<group>"; };
		5F97446E2EBB2BC10052BCD4 /* JWTDecode.framework */ = {isa = PBXFileReference; lastKnownFileType = wrapper.framework; path = JWTDecode.framework; sourceTree = "<group>"; };
		5F97446F2EBB2BC10052BCD4 /* Moya.framework */ = {isa = PBXFileReference; lastKnownFileType = wrapper.framework; path = Moya.framework; sourceTree = "<group>"; };
		5F9744702EBB2BC10052BCD4 /* NVActivityIndicatorView.framework */ = {isa = PBXFileReference; lastKnownFileType = wrapper.framework; path = NVActivityIndicatorView.framework; sourceTree = "<group>"; };
		5F9744712EBB2BC10052BCD4 /* ObjectMapper.framework */ = {isa = PBXFileReference; lastKnownFileType = wrapper.framework; path = ObjectMapper.framework; sourceTree = "<group>"; };
		5F9744722EBB2BC10052BCD4 /* RxAlamofire.framework */ = {isa = PBXFileReference; lastKnownFileType = wrapper.framework; path = RxAlamofire.framework; sourceTree = "<group>"; };
		5F9744732EBB2BC10052BCD4 /* RxCocoa.framework */ = {isa = PBXFileReference; lastKnownFileType = wrapper.framework; path = RxCocoa.framework; sourceTree = "<group>"; };
		5F9744742EBB2BC10052BCD4 /* RxRelay.framework */ = {isa = PBXFileReference; lastKnownFileType = wrapper.framework; path = RxRelay.framework; sourceTree = "<group>"; };
		5F9744752EBB2BC10052BCD4 /* RxSwift.framework */ = {isa = PBXFileReference; lastKnownFileType = wrapper.framework; path = RxSwift.framework; sourceTree = "<group>"; };
		5F9744762EBB2BC10052BCD4 /* SignaturePad.framework */ = {isa = PBXFileReference; lastKnownFileType = wrapper.framework; path = SignaturePad.framework; sourceTree = "<group>"; };
		5F9744952EBB38CF0052BCD4 /* Alamofire.framework */ = {isa = PBXFileReference; lastKnownFileType = wrapper.framework; path = Alamofire.framework; sourceTree = "<group>"; };
		5F9744962EBB38CF0052BCD4 /* eContractSDK.framework */ = {isa = PBXFileReference; lastKnownFileType = wrapper.framework; path = eContractSDK.framework; sourceTree = "<group>"; };
		5F9744972EBB38CF0052BCD4 /* eKYCLib.xcframework */ = {isa = PBXFileReference; lastKnownFileType = wrapper.xcframework; path = eKYCLib.xcframework; sourceTree = "<group>"; };
		5F9744982EBB38CF0052BCD4 /* ICSdkEKYC.xcframework */ = {isa = PBXFileReference; lastKnownFileType = wrapper.xcframework; path = ICSdkEKYC.xcframework; sourceTree = "<group>"; };
		5F9744992EBB38CF0052BCD4 /* JWTDecode.framework */ = {isa = PBXFileReference; lastKnownFileType = wrapper.framework; path = JWTDecode.framework; sourceTree = "<group>"; };
		5F97449A2EBB38CF0052BCD4 /* Moya.framework */ = {isa = PBXFileReference; lastKnownFileType = wrapper.framework; path = Moya.framework; sourceTree = "<group>"; };
		5F97449B2EBB38CF0052BCD4 /* NVActivityIndicatorView.framework */ = {isa = PBXFileReference; lastKnownFileType = wrapper.framework; path = NVActivityIndicatorView.framework; sourceTree = "<group>"; };
		5F97449C2EBB38CF0052BCD4 /* ObjectMapper.framework */ = {isa = PBXFileReference; lastKnownFileType = wrapper.framework; path = ObjectMapper.framework; sourceTree = "<group>"; };
		5F97449D2EBB38CF0052BCD4 /* RxAlamofire.framework */ = {isa = PBXFileReference; lastKnownFileType = wrapper.framework; path = RxAlamofire.framework; sourceTree = "<group>"; };
		5F97449E2EBB38CF0052BCD4 /* RxCocoa.framework */ = {isa = PBXFileReference; lastKnownFileType = wrapper.framework; path = RxCocoa.framework; sourceTree = "<group>"; };
		5F97449F2EBB38CF0052BCD4 /* RxRelay.framework */ = {isa = PBXFileReference; lastKnownFileType = wrapper.framework; path = RxRelay.framework; sourceTree = "<group>"; };
		5F9744A02EBB38CF0052BCD4 /* RxSwift.framework */ = {isa = PBXFileReference; lastKnownFileType = wrapper.framework; path = RxSwift.framework; sourceTree = "<group>"; };
		5F9744A12EBB38CF0052BCD4 /* SignaturePad.framework */ = {isa = PBXFileReference; lastKnownFileType = wrapper.framework; path = SignaturePad.framework; sourceTree = "<group>"; };
		5FC1820A2ED6A6AB000B9AA8 /* eKYCLib.xcframework */ = {isa = PBXFileReference; lastKnownFileType = wrapper.xcframework; path = eKYCLib.xcframework; sourceTree = "<group>"; };
		5FC1820B2ED6A6AB000B9AA8 /* ICSdkEKYC.xcframework */ = {isa = PBXFileReference; lastKnownFileType = wrapper.xcframework; path = ICSdkEKYC.xcframework; sourceTree = "<group>"; };
		5FC182172ED6ACA1000B9AA8 /* Alamofire.framework */ = {isa = PBXFileReference; lastKnownFileType = wrapper.framework; path = Alamofire.framework; sourceTree = "<group>"; };
		5FC182182ED6ACA1000B9AA8 /* DPOTPView.framework */ = {isa = PBXFileReference; lastKnownFileType = wrapper.framework; path = DPOTPView.framework; sourceTree = "<group>"; };
		5FC182192ED6ACA1000B9AA8 /* DropDown.framework */ = {isa = PBXFileReference; lastKnownFileType = wrapper.framework; path = DropDown.framework; sourceTree = "<group>"; };
		5FC1821A2ED6ACA1000B9AA8 /* eContractSDK.framework */ = {isa = PBXFileReference; lastKnownFileType = wrapper.framework; path = eContractSDK.framework; sourceTree = "<group>"; };
		5FC1821B2ED6ACA1000B9AA8 /* IQKeyboardManagerSwift.framework */ = {isa = PBXFileReference; lastKnownFileType = wrapper.framework; path = IQKeyboardManagerSwift.framework; sourceTree = "<group>"; };
		5FC1821C2ED6ACA1000B9AA8 /* JWTDecode.framework */ = {isa = PBXFileReference; lastKnownFileType = wrapper.framework; path = JWTDecode.framework; sourceTree = "<group>"; };
		5FC1821D2ED6ACA1000B9AA8 /* Moya.framework */ = {isa = PBXFileReference; lastKnownFileType = wrapper.framework; path = Moya.framework; sourceTree = "<group>"; };
		5FC1821E2ED6ACA1000B9AA8 /* NVActivityIndicatorView.framework */ = {isa = PBXFileReference; lastKnownFileType = wrapper.framework; path = NVActivityIndicatorView.framework; sourceTree = "<group>"; };
		5FC1821F2ED6ACA1000B9AA8 /* ObjectMapper.framework */ = {isa = PBXFileReference; lastKnownFileType = wrapper.framework; path = ObjectMapper.framework; sourceTree = "<group>"; };
		5FC182202ED6ACA1000B9AA8 /* RxAlamofire.framework */ = {isa = PBXFileReference; lastKnownFileType = wrapper.framework; path = RxAlamofire.framework; sourceTree = "<group>"; };
		5FC182212ED6ACA1000B9AA8 /* RxCocoa.framework */ = {isa = PBXFileReference; lastKnownFileType = wrapper.framework; path = RxCocoa.framework; sourceTree = "<group>"; };
		5FC182222ED6ACA1000B9AA8 /* RxRelay.framework */ = {isa = PBXFileReference; lastKnownFileType = wrapper.framework; path = RxRelay.framework; sourceTree = "<group>"; };
		5FC182232ED6ACA1000B9AA8 /* RxSwift.framework */ = {isa = PBXFileReference; lastKnownFileType = wrapper.framework; path = RxSwift.framework; sourceTree = "<group>"; };
		5FC182242ED6ACA1000B9AA8 /* SignaturePad.framework */ = {isa = PBXFileReference; lastKnownFileType = wrapper.framework; path = SignaturePad.framework; sourceTree = "<group>"; };
		5FC182252ED6ACA1000B9AA8 /* SmartCASDK.framework */ = {isa = PBXFileReference; lastKnownFileType = wrapper.framework; path = SmartCASDK.framework; sourceTree = "<group>"; };
		5FD90E0B2EE7CB70004A766B /* Runner.entitlements */ = {isa = PBXFileReference; lastKnownFileType = text.plist.entitlements; path = Runner.entitlements; sourceTree = "<group>"; };
		5FE2C4EE2EF256A00029A76A /* IQKeyboardManagerSwift.framework */ = {isa = PBXFileReference; lastKnownFileType = wrapper.framework; name = IQKeyboardManagerSwift.framework; path = "../../../../../../Downloads/untitled folder/IQKeyboardManagerSwift.framework"; sourceTree = "<group>"; };
		5FE2C4EF2EF256A00029A76A /* Moya.framework */ = {isa = PBXFileReference; lastKnownFileType = wrapper.framework; name = Moya.framework; path = "../../../../../../Downloads/untitled folder/Moya.framework"; sourceTree = "<group>"; };
		5FE2C4F02EF256A00029A76A /* ICSdkEKYC.xcframework */ = {isa = PBXFileReference; lastKnownFileType = wrapper.xcframework; name = ICSdkEKYC.xcframework; path = "../../../../../../Downloads/untitled folder/ICSdkEKYC.xcframework"; sourceTree = "<group>"; };
		5FE2C4F12EF256A00029A76A /* RxCocoa.framework */ = {isa = PBXFileReference; lastKnownFileType = wrapper.framework; name = RxCocoa.framework; path = "../../../../../../Downloads/untitled folder/RxCocoa.framework"; sourceTree = "<group>"; };
		5FE2C4F22EF256A00029A76A /* JWTDecode.framework */ = {isa = PBXFileReference; lastKnownFileType = wrapper.framework; name = JWTDecode.framework; path = "../../../../../../Downloads/untitled folder/JWTDecode.framework"; sourceTree = "<group>"; };
		5FE2C4F32EF256A00029A76A /* Alamofire.framework */ = {isa = PBXFileReference; lastKnownFileType = wrapper.framework; name = Alamofire.framework; path = "../../../../../../Downloads/untitled folder/Alamofire.framework"; sourceTree = "<group>"; };
		5FE2C4F42EF256A00029A76A /* RxRelay.framework */ = {isa = PBXFileReference; lastKnownFileType = wrapper.framework; name = RxRelay.framework; path = "../../../../../../Downloads/untitled folder/RxRelay.framework"; sourceTree = "<group>"; };
		5FE2C4F52EF256A00029A76A /* eKYCLib.xcframework */ = {isa = PBXFileReference; lastKnownFileType = wrapper.xcframework; name = eKYCLib.xcframework; path = "../../../../../../Downloads/untitled folder/eKYCLib.xcframework"; sourceTree = "<group>"; };
		5FE2C4F62EF256A00029A76A /* SignaturePad.framework */ = {isa = PBXFileReference; lastKnownFileType = wrapper.framework; name = SignaturePad.framework; path = "../../../../../../Downloads/untitled folder/SignaturePad.framework"; sourceTree = "<group>"; };
		5FE2C4F72EF256A00029A76A /* NVActivityIndicatorView.framework */ = {isa = PBXFileReference; lastKnownFileType = wrapper.framework; name = NVActivityIndicatorView.framework; path = "../../../../../../Downloads/untitled folder/NVActivityIndicatorView.framework"; sourceTree = "<group>"; };
		5FE2C4F82EF256A00029A76A /* RxAlamofire.framework */ = {isa = PBXFileReference; lastKnownFileType = wrapper.framework; name = RxAlamofire.framework; path = "../../../../../../Downloads/untitled folder/RxAlamofire.framework"; sourceTree = "<group>"; };
		5FE2C4F92EF256A00029A76A /* eContractSDK.framework */ = {isa = PBXFileReference; lastKnownFileType = wrapper.framework; name = eContractSDK.framework; path = "../../../../../../Downloads/untitled folder/eContractSDK.framework"; sourceTree = "<group>"; };
		5FE2C4FA2EF256A00029A76A /* DPOTPView.framework */ = {isa = PBXFileReference; lastKnownFileType = wrapper.framework; name = DPOTPView.framework; path = "../../../../../../Downloads/untitled folder/DPOTPView.framework"; sourceTree = "<group>"; };
		5FE2C4FB2EF256A10029A76A /* ObjectMapper.framework */ = {isa = PBXFileReference; lastKnownFileType = wrapper.framework; name = ObjectMapper.framework; path = "../../../../../../Downloads/untitled folder/ObjectMapper.framework"; sourceTree = "<group>"; };
		5FE2C4FC2EF256A10029A76A /* DropDown.framework */ = {isa = PBXFileReference; lastKnownFileType = wrapper.framework; name = DropDown.framework; path = "../../../../../../Downloads/untitled folder/DropDown.framework"; sourceTree = "<group>"; };
		5FE2C4FD2EF256A10029A76A /* SmartCASDK.framework */ = {isa = PBXFileReference; lastKnownFileType = wrapper.framework; name = SmartCASDK.framework; path = "../../../../../../Downloads/untitled folder/SmartCASDK.framework"; sourceTree = "<group>"; };
		5FE2C4FE2EF256A10029A76A /* RxSwift.framework */ = {isa = PBXFileReference; lastKnownFileType = wrapper.framework; name = RxSwift.framework; path = "../../../../../../Downloads/untitled folder/RxSwift.framework"; sourceTree = "<group>"; };
		6EE53760190A0A1CE6527409 /* Pods-Runner.release.xcconfig */ = {isa = PBXFileReference; includeInIndex = 1; lastKnownFileType = text.xcconfig; name = "Pods-Runner.release.xcconfig"; path = "Target Support Files/Pods-Runner/Pods-Runner.release.xcconfig"; sourceTree = "<group>"; };
		74858FAD1ED2DC5600515810 /* Runner-Bridging-Header.h */ = {isa = PBXFileReference; lastKnownFileType = sourcecode.c.h; path = "Runner-Bridging-Header.h"; sourceTree = "<group>"; };
		74858FAE1ED2DC5600515810 /* AppDelegate.swift */ = {isa = PBXFileReference; fileEncoding = 4; lastKnownFileType = sourcecode.swift; path = AppDelegate.swift; sourceTree = "<group>"; };
		7AFA3C8E1D35360C0083082E /* Release.xcconfig */ = {isa = PBXFileReference; lastKnownFileType = text.xcconfig; name = Release.xcconfig; path = Flutter/Release.xcconfig; sourceTree = "<group>"; };
		7BCBBA93142D25771B37FF82 /* Pods-Runner.debug.xcconfig */ = {isa = PBXFileReference; includeInIndex = 1; lastKnownFileType = text.xcconfig; name = "Pods-Runner.debug.xcconfig"; path = "Target Support Files/Pods-Runner/Pods-Runner.debug.xcconfig"; sourceTree = "<group>"; };
		9254437E6069A532189D0327 /* GoogleService-Info.plist */ = {isa = PBXFileReference; includeInIndex = 1; lastKnownFileType = text.plist.xml; name = "GoogleService-Info.plist"; path = "Runner/GoogleService-Info.plist"; sourceTree = "<group>"; };
		9740EEB21CF90195004384FC /* Debug.xcconfig */ = {isa = PBXFileReference; fileEncoding = 4; lastKnownFileType = text.xcconfig; name = Debug.xcconfig; path = Flutter/Debug.xcconfig; sourceTree = "<group>"; };
		9740EEB31CF90195004384FC /* Generated.xcconfig */ = {isa = PBXFileReference; fileEncoding = 4; lastKnownFileType = text.xcconfig; name = Generated.xcconfig; path = Flutter/Generated.xcconfig; sourceTree = "<group>"; };
		97C146EE1CF9000F007C117D /* Runner.app */ = {isa = PBXFileReference; explicitFileType = wrapper.application; includeInIndex = 0; path = Runner.app; sourceTree = BUILT_PRODUCTS_DIR; };
		97C146FB1CF9000F007C117D /* Base */ = {isa = PBXFileReference; lastKnownFileType = file.storyboard; name = Base; path = Base.lproj/Main.storyboard; sourceTree = "<group>"; };
		97C146FD1CF9000F007C117D /* Assets.xcassets */ = {isa = PBXFileReference; lastKnownFileType = folder.assetcatalog; path = Assets.xcassets; sourceTree = "<group>"; };
		97C147001CF9000F007C117D /* Base */ = {isa = PBXFileReference; lastKnownFileType = file.storyboard; name = Base; path = Base.lproj/LaunchScreen.storyboard; sourceTree = "<group>"; };
		97C147021CF9000F007C117D /* Info.plist */ = {isa = PBXFileReference; lastKnownFileType = text.plist.xml; path = Info.plist; sourceTree = "<group>"; };
		CF66E9EBCE0F9B9EBAA431CE /* Pods-RunnerTests.release.xcconfig */ = {isa = PBXFileReference; includeInIndex = 1; lastKnownFileType = text.xcconfig; name = "Pods-RunnerTests.release.xcconfig"; path = "Target Support Files/Pods-RunnerTests/Pods-RunnerTests.release.xcconfig"; sourceTree = "<group>"; };
		E8FC719E1F776EFA56ADEE04 /* Pods_Runner.framework */ = {isa = PBXFileReference; explicitFileType = wrapper.framework; includeInIndex = 0; path = Pods_Runner.framework; sourceTree = BUILT_PRODUCTS_DIR; };
		F5C20C6E2F4725E89C3B0A4E /* Pods-RunnerTests.debug.xcconfig */ = {isa = PBXFileReference; includeInIndex = 1; lastKnownFileType = text.xcconfig; name = "Pods-RunnerTests.debug.xcconfig"; path = "Target Support Files/Pods-RunnerTests/Pods-RunnerTests.debug.xcconfig"; sourceTree = "<group>"; };
/* End PBXFileReference section */

/* Begin PBXFrameworksBuildPhase section */
		84311448E5C91A93FBA440B9 /* Frameworks */ = {
			isa = PBXFrameworksBuildPhase;
			buildActionMask = 2147483647;
			files = (
				31796CAD0B17C5114268181B /* Pods_RunnerTests.framework in Frameworks */,
			);
			runOnlyForDeploymentPostprocessing = 0;
		};
		97C146EB1CF9000F007C117D /* Frameworks */ = {
			isa = PBXFrameworksBuildPhase;
			buildActionMask = 2147483647;
			files = (
				EF979F203383D019B7DB699D /* Pods_Runner.framework in Frameworks */,
				5FD02A002F2AF56F0094F04E /* RxAlamofire.framework in Frameworks */,
				5FD02A022F2AF56F0094F04E /* RxCocoa.framework in Frameworks */,
				5FD029F02F2AF56F0094F04E /* eContractSDK.framework in Frameworks */,
				5FD02A062F2AF56F0094F04E /* RxSwift.framework in Frameworks */,
				5FD029EC2F2AF56F0094F04E /* DPOTPView.framework in Frameworks */,
				5FD029F82F2AF56F0094F04E /* JWTDecode.framework in Frameworks */,
				5FD02A082F2AF56F0094F04E /* SignaturePad.framework in Frameworks */,
				5FD029F22F2AF56F0094F04E /* eKYCLib.xcframework in Frameworks */,
				5FD029EA2F2AF56F0094F04E /* Alamofire.framework in Frameworks */,
				5FD029FE2F2AF56F0094F04E /* ObjectMapper.framework in Frameworks */,
				5FD029FC2F2AF56F0094F04E /* NVActivityIndicatorView.framework in Frameworks */,
				5FD029FA2F2AF56F0094F04E /* Moya.framework in Frameworks */,
				5FD029F42F2AF56F0094F04E /* ICSdkEKYC.xcframework in Frameworks */,
				5FD029F62F2AF56F0094F04E /* IQKeyboardManagerSwift.framework in Frameworks */,
				5FD029EE2F2AF56F0094F04E /* DropDown.framework in Frameworks */,
				5FD02A042F2AF56F0094F04E /* RxRelay.framework in Frameworks */,
				5FD02A0A2F2AF56F0094F04E /* SmartCASDK.framework in Frameworks */,
			);
			runOnlyForDeploymentPostprocessing = 0;
		};
/* End PBXFrameworksBuildPhase section */

/* Begin PBXGroup section */
		331C8082294A63A400263BE5 /* RunnerTests */ = {
			isa = PBXGroup;
			children = (
				331C807B294A618700263BE5 /* RunnerTests.swift */,
			);
			path = RunnerTests;
			sourceTree = "<group>";
		};
		44CA38124054BAE5A20C7962 /* Frameworks */ = {
			isa = PBXGroup;
			children = (
				5FE2C4F32EF256A00029A76A /* Alamofire.framework */,
				5FE2C4FA2EF256A00029A76A /* DPOTPView.framework */,
				5FE2C4FC2EF256A10029A76A /* DropDown.framework */,
				5FE2C4F92EF256A00029A76A /* eContractSDK.framework */,
				5FE2C4F52EF256A00029A76A /* eKYCLib.xcframework */,
				5FE2C4F02EF256A00029A76A /* ICSdkEKYC.xcframework */,
				5FE2C4EE2EF256A00029A76A /* IQKeyboardManagerSwift.framework */,
				5FE2C4F22EF256A00029A76A /* JWTDecode.framework */,
				5FE2C4EF2EF256A00029A76A /* Moya.framework */,
				5FE2C4F72EF256A00029A76A /* NVActivityIndicatorView.framework */,
				5FE2C4FB2EF256A10029A76A /* ObjectMapper.framework */,
				5FE2C4F82EF256A00029A76A /* RxAlamofire.framework */,
				5FE2C4F12EF256A00029A76A /* RxCocoa.framework */,
				5FE2C4F42EF256A00029A76A /* RxRelay.framework */,
				5FE2C4FE2EF256A10029A76A /* RxSwift.framework */,
				5FE2C4F62EF256A00029A76A /* SignaturePad.framework */,
				5FE2C4FD2EF256A10029A76A /* SmartCASDK.framework */,
				5F9744772EBB2BC10052BCD4 /* eContract-eKYC */,
				5F9744A22EBB38CF0052BCD4 /* eContract-eKYC */,
				5F647B582EA88ED30038E9D2 /* SmartCASDK.framework */,
				5F647B3C2EA88EBC0038E9D2 /* Alamofire.framework */,
				5F647B352EA88EBC0038E9D2 /* eContractSDK.framework */,
				5F647B372EA88EBC0038E9D2 /* eKYCLib.xcframework */,
				5F647B3B2EA88EBC0038E9D2 /* ICSdkEKYC.xcframework */,
				5F647B342EA88EBC0038E9D2 /* JWTDecode.framework */,
				5F647B3A2EA88EBC0038E9D2 /* Moya.framework */,
				5F647B362EA88EBC0038E9D2 /* NVActivityIndicatorView.framework */,
				5F647B332EA88EBB0038E9D2 /* ObjectMapper.framework */,
				5F647B312EA88EBB0038E9D2 /* RxAlamofire.framework */,
				5F647B3D2EA88EBC0038E9D2 /* RxCocoa.framework */,
				5F647B392EA88EBC0038E9D2 /* RxRelay.framework */,
				5F647B322EA88EBB0038E9D2 /* RxSwift.framework */,
				5F647B382EA88EBC0038E9D2 /* SignaturePad.framework */,
				E8FC719E1F776EFA56ADEE04 /* Pods_Runner.framework */,
				33E6E27FDF4CD9CF6E6DCFB7 /* Pods_RunnerTests.framework */,
			);
			name = Frameworks;
			sourceTree = "<group>";
		};
		5F9744772EBB2BC10052BCD4 /* eContract-eKYC */ = {
			isa = PBXGroup;
			children = (
				5F97446A2EBB2BC10052BCD4 /* Alamofire.framework */,
				5F97446B2EBB2BC10052BCD4 /* eContractSDK.framework */,
				5F97446C2EBB2BC10052BCD4 /* eKYCLib.xcframework */,
				5F97446D2EBB2BC10052BCD4 /* ICSdkEKYC.xcframework */,
				5F97446E2EBB2BC10052BCD4 /* JWTDecode.framework */,
				5F97446F2EBB2BC10052BCD4 /* Moya.framework */,
				5F9744702EBB2BC10052BCD4 /* NVActivityIndicatorView.framework */,
				5F9744712EBB2BC10052BCD4 /* ObjectMapper.framework */,
				5F9744722EBB2BC10052BCD4 /* RxAlamofire.framework */,
				5F9744732EBB2BC10052BCD4 /* RxCocoa.framework */,
				5F9744742EBB2BC10052BCD4 /* RxRelay.framework */,
				5F9744752EBB2BC10052BCD4 /* RxSwift.framework */,
				5F9744762EBB2BC10052BCD4 /* SignaturePad.framework */,
			);
			name = "eContract-eKYC";
			path = "Runner/SDK_iOS/eContract-eKYC";
			sourceTree = "<group>";
		};
		5F9744A22EBB38CF0052BCD4 /* eContract-eKYC */ = {
			isa = PBXGroup;
			children = (
				5F9744952EBB38CF0052BCD4 /* Alamofire.framework */,
				5F9744962EBB38CF0052BCD4 /* eContractSDK.framework */,
				5F9744972EBB38CF0052BCD4 /* eKYCLib.xcframework */,
				5F9744982EBB38CF0052BCD4 /* ICSdkEKYC.xcframework */,
				5F9744992EBB38CF0052BCD4 /* JWTDecode.framework */,
				5F97449A2EBB38CF0052BCD4 /* Moya.framework */,
				5F97449B2EBB38CF0052BCD4 /* NVActivityIndicatorView.framework */,
				5F97449C2EBB38CF0052BCD4 /* ObjectMapper.framework */,
				5F97449D2EBB38CF0052BCD4 /* RxAlamofire.framework */,
				5F97449E2EBB38CF0052BCD4 /* RxCocoa.framework */,
				5F97449F2EBB38CF0052BCD4 /* RxRelay.framework */,
				5F9744A02EBB38CF0052BCD4 /* RxSwift.framework */,
				5F9744A12EBB38CF0052BCD4 /* SignaturePad.framework */,
			);
			name = "eContract-eKYC";
			path = "Runner/SDK_iOS/eContract-eKYC";
			sourceTree = "<group>";
		};
		5FC181BE2ED69FFC000B9AA8 /* SmartCA */ = {
			isa = PBXGroup;
			children = (
				5FC1820A2ED6A6AB000B9AA8 /* eKYCLib.xcframework */,
				5FC182172ED6ACA1000B9AA8 /* Alamofire.framework */,
				5FC182182ED6ACA1000B9AA8 /* DPOTPView.framework */,
				5FC182192ED6ACA1000B9AA8 /* DropDown.framework */,
				5FC1821A2ED6ACA1000B9AA8 /* eContractSDK.framework */,
				5FC1821B2ED6ACA1000B9AA8 /* IQKeyboardManagerSwift.framework */,
				5FC1821C2ED6ACA1000B9AA8 /* JWTDecode.framework */,
				5FC1821D2ED6ACA1000B9AA8 /* Moya.framework */,
				5FC1821E2ED6ACA1000B9AA8 /* NVActivityIndicatorView.framework */,
				5FC1821F2ED6ACA1000B9AA8 /* ObjectMapper.framework */,
				5FC182202ED6ACA1000B9AA8 /* RxAlamofire.framework */,
				5FC182212ED6ACA1000B9AA8 /* RxCocoa.framework */,
				5FC182222ED6ACA1000B9AA8 /* RxRelay.framework */,
				5FC182232ED6ACA1000B9AA8 /* RxSwift.framework */,
				5FC182242ED6ACA1000B9AA8 /* SignaturePad.framework */,
				5FC182252ED6ACA1000B9AA8 /* SmartCASDK.framework */,
				5FC1820B2ED6A6AB000B9AA8 /* ICSdkEKYC.xcframework */,
			);
			path = SmartCA;
			sourceTree = "<group>";
		};
		7974C27087DE5CDDA8E9E435 /* Pods */ = {
			isa = PBXGroup;
			children = (
				7BCBBA93142D25771B37FF82 /* Pods-Runner.debug.xcconfig */,
				6EE53760190A0A1CE6527409 /* Pods-Runner.release.xcconfig */,
				109F468608ED619EBCF8387B /* Pods-Runner.profile.xcconfig */,
				F5C20C6E2F4725E89C3B0A4E /* Pods-RunnerTests.debug.xcconfig */,
				CF66E9EBCE0F9B9EBAA431CE /* Pods-RunnerTests.release.xcconfig */,
				3FC9D4A1DA63A591740761F7 /* Pods-RunnerTests.profile.xcconfig */,
			);
			path = Pods;
			sourceTree = "<group>";
		};
		9740EEB11CF90186004384FC /* Flutter */ = {
			isa = PBXGroup;
			children = (
				3B3967151E833CAA004F5970 /* AppFrameworkInfo.plist */,
				9740EEB21CF90195004384FC /* Debug.xcconfig */,
				7AFA3C8E1D35360C0083082E /* Release.xcconfig */,
				9740EEB31CF90195004384FC /* Generated.xcconfig */,
			);
			name = Flutter;
			sourceTree = "<group>";
		};
		97C146E51CF9000F007C117D = {
			isa = PBXGroup;
			children = (
				9740EEB11CF90186004384FC /* Flutter */,
				97C146F01CF9000F007C117D /* Runner */,
				97C146EF1CF9000F007C117D /* Products */,
				331C8082294A63A400263BE5 /* RunnerTests */,
				7974C27087DE5CDDA8E9E435 /* Pods */,
				44CA38124054BAE5A20C7962 /* Frameworks */,
				9254437E6069A532189D0327 /* GoogleService-Info.plist */,
			);
			sourceTree = "<group>";
		};
		97C146EF1CF9000F007C117D /* Products */ = {
			isa = PBXGroup;
			children = (
				97C146EE1CF9000F007C117D /* Runner.app */,
				331C8081294A63A400263BE5 /* RunnerTests.xctest */,
			);
			name = Products;
			sourceTree = "<group>";
		};
		97C146F01CF9000F007C117D /* Runner */ = {
			isa = PBXGroup;
			children = (
				5FD90E0B2EE7CB70004A766B /* Runner.entitlements */,
				5FC181BE2ED69FFC000B9AA8 /* SmartCA */,
				97C146FA1CF9000F007C117D /* Main.storyboard */,
				97C146FD1CF9000F007C117D /* Assets.xcassets */,
				97C146FF1CF9000F007C117D /* LaunchScreen.storyboard */,
				97C147021CF9000F007C117D /* Info.plist */,
				1498D2321E8E86230040F4C2 /* GeneratedPluginRegistrant.h */,
				1498D2331E8E89220040F4C2 /* GeneratedPluginRegistrant.m */,
				74858FAE1ED2DC5600515810 /* AppDelegate.swift */,
				74858FAD1ED2DC5600515810 /* Runner-Bridging-Header.h */,
			);
			path = Runner;
			sourceTree = "<group>";
		};
/* End PBXGroup section */

/* Begin PBXNativeTarget section */
		331C8080294A63A400263BE5 /* RunnerTests */ = {
			isa = PBXNativeTarget;
			buildConfigurationList = 331C8087294A63A400263BE5 /* Build configuration list for PBXNativeTarget "RunnerTests" */;
			buildPhases = (
				CAFF9C79AF5E98850626BBD5 /* [CP] Check Pods Manifest.lock */,
				331C807D294A63A400263BE5 /* Sources */,
				331C807F294A63A400263BE5 /* Resources */,
				84311448E5C91A93FBA440B9 /* Frameworks */,
			);
			buildRules = (
			);
			dependencies = (
				331C8086294A63A400263BE5 /* PBXTargetDependency */,
			);
			name = RunnerTests;
			productName = RunnerTests;
			productReference = 331C8081294A63A400263BE5 /* RunnerTests.xctest */;
			productType = "com.apple.product-type.bundle.unit-test";
		};
		97C146ED1CF9000F007C117D /* Runner */ = {
			isa = PBXNativeTarget;
			buildConfigurationList = 97C147051CF9000F007C117D /* Build configuration list for PBXNativeTarget "Runner" */;
			buildPhases = (
				E92EA27BD6C9016D702F3D5B /* [CP] Check Pods Manifest.lock */,
				5FD02A0C2F2AF56F0094F04E /* Embed Frameworks */,
				9740EEB61CF901F6004384FC /* Run Script */,
				97C146EA1CF9000F007C117D /* Sources */,
				97C146EC1CF9000F007C117D /* Resources */,
				97C146EB1CF9000F007C117D /* Frameworks */,
				3B06AD1E1E4923F5004D2608 /* Thin Binary */,
				119774AB8E5EF24574DBC4B7 /* [CP] Embed Pods Frameworks */,
				50E8B67C2AF1B7F0D729EC86 /* [CP] Copy Pods Resources */,
			);
			buildRules = (
			);
			dependencies = (
			);
			name = Runner;
			productName = Runner;
			productReference = 97C146EE1CF9000F007C117D /* Runner.app */;
			productType = "com.apple.product-type.application";
		};
/* End PBXNativeTarget section */

/* Begin PBXProject section */
		97C146E61CF9000F007C117D /* Project object */ = {
			isa = PBXProject;
			attributes = {
				BuildIndependentTargetsInParallel = YES;
				LastUpgradeCheck = 1510;
				ORGANIZATIONNAME = "";
				TargetAttributes = {
					331C8080294A63A400263BE5 = {
						CreatedOnToolsVersion = 14.0;
						TestTargetID = 97C146ED1CF9000F007C117D;
					};
					97C146ED1CF9000F007C117D = {
						CreatedOnToolsVersion = 7.3.1;
						LastSwiftMigration = 1100;
					};
				};
			};
			buildConfigurationList = 97C146E91CF9000F007C117D /* Build configuration list for PBXProject "Runner" */;
			compatibilityVersion = "Xcode 9.3";
			developmentRegion = en;
			hasScannedForEncodings = 0;
			knownRegions = (
				en,
				Base,
			);
			mainGroup = 97C146E51CF9000F007C117D;
			productRefGroup = 97C146EF1CF9000F007C117D /* Products */;
			projectDirPath = "";
			projectRoot = "";
			targets = (
				97C146ED1CF9000F007C117D /* Runner */,
				331C8080294A63A400263BE5 /* RunnerTests */,
			);
		};
/* End PBXProject section */

/* Begin PBXResourcesBuildPhase section */
		331C807F294A63A400263BE5 /* Resources */ = {
			isa = PBXResourcesBuildPhase;
			buildActionMask = 2147483647;
			files = (
			);
			runOnlyForDeploymentPostprocessing = 0;
		};
		97C146EC1CF9000F007C117D /* Resources */ = {
			isa = PBXResourcesBuildPhase;
			buildActionMask = 2147483647;
			files = (
				97C147011CF9000F007C117D /* LaunchScreen.storyboard in Resources */,
				3B3967161E833CAA004F5970 /* AppFrameworkInfo.plist in Resources */,
				97C146FE1CF9000F007C117D /* Assets.xcassets in Resources */,
				97C146FC1CF9000F007C117D /* Main.storyboard in Resources */,
				705ADEF7875A443EB1B3DD42 /* GoogleService-Info.plist in Resources */,
			);
			runOnlyForDeploymentPostprocessing = 0;
		};
/* End PBXResourcesBuildPhase section */

/* Begin PBXShellScriptBuildPhase section */
		119774AB8E5EF24574DBC4B7 /* [CP] Embed Pods Frameworks */ = {
			isa = PBXShellScriptBuildPhase;
			buildActionMask = 2147483647;
			files = (
			);
			inputFileListPaths = (
				"${PODS_ROOT}/Target Support Files/Pods-Runner/Pods-Runner-frameworks-${CONFIGURATION}-input-files.xcfilelist",
			);
			name = "[CP] Embed Pods Frameworks";
			outputFileListPaths = (
				"${PODS_ROOT}/Target Support Files/Pods-Runner/Pods-Runner-frameworks-${CONFIGURATION}-output-files.xcfilelist",
			);
			runOnlyForDeploymentPostprocessing = 0;
			shellPath = /bin/sh;
			shellScript = "\"${PODS_ROOT}/Target Support Files/Pods-Runner/Pods-Runner-frameworks.sh\"\n";
			showEnvVarsInLog = 0;
		};
		3B06AD1E1E4923F5004D2608 /* Thin Binary */ = {
			isa = PBXShellScriptBuildPhase;
			alwaysOutOfDate = 1;
			buildActionMask = 2147483647;
			files = (
			);
			inputPaths = (
				"${TARGET_BUILD_DIR}/${INFOPLIST_PATH}",
			);
			name = "Thin Binary";
			outputPaths = (
			);
			runOnlyForDeploymentPostprocessing = 0;
			shellPath = /bin/sh;
			shellScript = "/bin/sh \"$FLUTTER_ROOT/packages/flutter_tools/bin/xcode_backend.sh\" embed_and_thin\n";
		};
		50E8B67C2AF1B7F0D729EC86 /* [CP] Copy Pods Resources */ = {
			isa = PBXShellScriptBuildPhase;
			buildActionMask = 2147483647;
			files = (
			);
			inputFileListPaths = (
				"${PODS_ROOT}/Target Support Files/Pods-Runner/Pods-Runner-resources-${CONFIGURATION}-input-files.xcfilelist",
			);
			name = "[CP] Copy Pods Resources";
			outputFileListPaths = (
				"${PODS_ROOT}/Target Support Files/Pods-Runner/Pods-Runner-resources-${CONFIGURATION}-output-files.xcfilelist",
			);
			runOnlyForDeploymentPostprocessing = 0;
			shellPath = /bin/sh;
			shellScript = "\"${PODS_ROOT}/Target Support Files/Pods-Runner/Pods-Runner-resources.sh\"\n";
			showEnvVarsInLog = 0;
		};
		9740EEB61CF901F6004384FC /* Run Script */ = {
			isa = PBXShellScriptBuildPhase;
			alwaysOutOfDate = 1;
			buildActionMask = 2147483647;
			files = (
			);
			inputPaths = (
			);
			name = "Run Script";
			outputPaths = (
			);
			runOnlyForDeploymentPostprocessing = 0;
			shellPath = /bin/sh;
			shellScript = "/bin/sh \"$FLUTTER_ROOT/packages/flutter_tools/bin/xcode_backend.sh\" build\n";
		};
		CAFF9C79AF5E98850626BBD5 /* [CP] Check Pods Manifest.lock */ = {
			isa = PBXShellScriptBuildPhase;
			buildActionMask = 2147483647;
			files = (
			);
			inputFileListPaths = (
			);
			inputPaths = (
				"${PODS_PODFILE_DIR_PATH}/Podfile.lock",
				"${PODS_ROOT}/Manifest.lock",
			);
			name = "[CP] Check Pods Manifest.lock";
			outputFileListPaths = (
			);
			outputPaths = (
				"$(DERIVED_FILE_DIR)/Pods-RunnerTests-checkManifestLockResult.txt",
			);
			runOnlyForDeploymentPostprocessing = 0;
			shellPath = /bin/sh;
			shellScript = "diff \"${PODS_PODFILE_DIR_PATH}/Podfile.lock\" \"${PODS_ROOT}/Manifest.lock\" > /dev/null\nif [ $? != 0 ] ; then\n    # print error to STDERR\n    echo \"error: The sandbox is not in sync with the Podfile.lock. Run 'pod install' or update your CocoaPods installation.\" >&2\n    exit 1\nfi\n# This output is used by Xcode 'outputs' to avoid re-running this script phase.\necho \"SUCCESS\" > \"${SCRIPT_OUTPUT_FILE_0}\"\n";
			showEnvVarsInLog = 0;
		};
		E92EA27BD6C9016D702F3D5B /* [CP] Check Pods Manifest.lock */ = {
			isa = PBXShellScriptBuildPhase;
			buildActionMask = 2147483647;
			files = (
			);
			inputFileListPaths = (
			);
			inputPaths = (
				"${PODS_PODFILE_DIR_PATH}/Podfile.lock",
				"${PODS_ROOT}/Manifest.lock",
			);
			name = "[CP] Check Pods Manifest.lock";
			outputFileListPaths = (
			);
			outputPaths = (
				"$(DERIVED_FILE_DIR)/Pods-Runner-checkManifestLockResult.txt",
			);
			runOnlyForDeploymentPostprocessing = 0;
			shellPath = /bin/sh;
			shellScript = "diff \"${PODS_PODFILE_DIR_PATH}/Podfile.lock\" \"${PODS_ROOT}/Manifest.lock\" > /dev/null\nif [ $? != 0 ] ; then\n    # print error to STDERR\n    echo \"error: The sandbox is not in sync with the Podfile.lock. Run 'pod install' or update your CocoaPods installation.\" >&2\n    exit 1\nfi\n# This output is used by Xcode 'outputs' to avoid re-running this script phase.\necho \"SUCCESS\" > \"${SCRIPT_OUTPUT_FILE_0}\"\n";
			showEnvVarsInLog = 0;
		};
/* End PBXShellScriptBuildPhase section */

/* Begin PBXSourcesBuildPhase section */
		331C807D294A63A400263BE5 /* Sources */ = {
			isa = PBXSourcesBuildPhase;
			buildActionMask = 2147483647;
			files = (
				331C808B294A63AB00263BE5 /* RunnerTests.swift in Sources */,
			);
			runOnlyForDeploymentPostprocessing = 0;
		};
		97C146EA1CF9000F007C117D /* Sources */ = {
			isa = PBXSourcesBuildPhase;
			buildActionMask = 2147483647;
			files = (
				74858FAF1ED2DC5600515810 /* AppDelegate.swift in Sources */,
				1498D2341E8E89220040F4C2 /* GeneratedPluginRegistrant.m in Sources */,
			);
			runOnlyForDeploymentPostprocessing = 0;
		};
/* End PBXSourcesBuildPhase section */

/* Begin PBXTargetDependency section */
		331C8086294A63A400263BE5 /* PBXTargetDependency */ = {
			isa = PBXTargetDependency;
			target = 97C146ED1CF9000F007C117D /* Runner */;
			targetProxy = 331C8085294A63A400263BE5 /* PBXContainerItemProxy */;
		};
/* End PBXTargetDependency section */

/* Begin PBXVariantGroup section */
		97C146FA1CF9000F007C117D /* Main.storyboard */ = {
			isa = PBXVariantGroup;
			children = (
				97C146FB1CF9000F007C117D /* Base */,
			);
			name = Main.storyboard;
			sourceTree = "<group>";
		};
		97C146FF1CF9000F007C117D /* LaunchScreen.storyboard */ = {
			isa = PBXVariantGroup;
			children = (
				97C147001CF9000F007C117D /* Base */,
			);
			name = LaunchScreen.storyboard;
			sourceTree = "<group>";
		};
/* End PBXVariantGroup section */

/* Begin XCBuildConfiguration section */
		249021D3217E4FDB00AE95B9 /* Profile */ = {
			isa = XCBuildConfiguration;
			buildSettings = {
				ALWAYS_SEARCH_USER_PATHS = NO;
				ASSETCATALOG_COMPILER_GENERATE_SWIFT_ASSET_SYMBOL_EXTENSIONS = YES;
				CLANG_ANALYZER_NONNULL = YES;
				CLANG_CXX_LANGUAGE_STANDARD = "gnu++0x";
				CLANG_CXX_LIBRARY = "libc++";
				CLANG_ENABLE_MODULES = YES;
				CLANG_ENABLE_OBJC_ARC = YES;
				CLANG_WARN_BLOCK_CAPTURE_AUTORELEASING = YES;
				CLANG_WARN_BOOL_CONVERSION = YES;
				CLANG_WARN_COMMA = YES;
				CLANG_WARN_CONSTANT_CONVERSION = YES;
				CLANG_WARN_DEPRECATED_OBJC_IMPLEMENTATIONS = YES;
				CLANG_WARN_DIRECT_OBJC_ISA_USAGE = YES_ERROR;
				CLANG_WARN_EMPTY_BODY = YES;
				CLANG_WARN_ENUM_CONVERSION = YES;
				CLANG_WARN_INFINITE_RECURSION = YES;
				CLANG_WARN_INT_CONVERSION = YES;
				CLANG_WARN_NON_LITERAL_NULL_CONVERSION = YES;
				CLANG_WARN_OBJC_IMPLICIT_RETAIN_SELF = YES;
				CLANG_WARN_OBJC_LITERAL_CONVERSION = YES;
				CLANG_WARN_OBJC_ROOT_CLASS = YES_ERROR;
				CLANG_WARN_RANGE_LOOP_ANALYSIS = YES;
				CLANG_WARN_STRICT_PROTOTYPES = YES;
				CLANG_WARN_SUSPICIOUS_MOVE = YES;
				CLANG_WARN_UNREACHABLE_CODE = YES;
				CLANG_WARN__DUPLICATE_METHOD_MATCH = YES;
				"CODE_SIGN_IDENTITY[sdk=iphoneos*]" = "iPhone Developer";
				COPY_PHASE_STRIP = NO;
				DEBUG_INFORMATION_FORMAT = "dwarf-with-dsym";
				ENABLE_NS_ASSERTIONS = NO;
				ENABLE_STRICT_OBJC_MSGSEND = YES;
				ENABLE_USER_SCRIPT_SANDBOXING = NO;
				GCC_C_LANGUAGE_STANDARD = gnu99;
				GCC_NO_COMMON_BLOCKS = YES;
				GCC_WARN_64_TO_32_BIT_CONVERSION = YES;
				GCC_WARN_ABOUT_RETURN_TYPE = YES_ERROR;
				GCC_WARN_UNDECLARED_SELECTOR = YES;
				GCC_WARN_UNINITIALIZED_AUTOS = YES_AGGRESSIVE;
				GCC_WARN_UNUSED_FUNCTION = YES;
				GCC_WARN_UNUSED_VARIABLE = YES;
				IPHONEOS_DEPLOYMENT_TARGET = 12.0;
				MTL_ENABLE_DEBUG_INFO = NO;
				SDKROOT = iphoneos;
				SUPPORTED_PLATFORMS = iphoneos;
				TARGETED_DEVICE_FAMILY = "1,2";
				VALIDATE_PRODUCT = YES;
			};
			name = Profile;
		};
		249021D4217E4FDB00AE95B9 /* Profile */ = {
			isa = XCBuildConfiguration;
			baseConfigurationReference = 7AFA3C8E1D35360C0083082E /* Release.xcconfig */;
			buildSettings = {
				ASSETCATALOG_COMPILER_APPICON_NAME = AppIcon;
				CLANG_ENABLE_MODULES = YES;
				CODE_SIGN_ENTITLEMENTS = Runner/Runner.entitlements;
				CODE_SIGN_IDENTITY = "Apple Development";
				"CODE_SIGN_IDENTITY[sdk=iphoneos*]" = "iPhone Distribution";
				CODE_SIGN_STYLE = Manual;
				CURRENT_PROJECT_VERSION = 16;
				DEVELOPMENT_TEAM = "";
				"DEVELOPMENT_TEAM[sdk=iphoneos*]" = 6R2BV3B8CZ;
				ENABLE_BITCODE = NO;
				FRAMEWORK_SEARCH_PATHS = (
					"$(inherited)",
					"$(PROJECT_DIR)/Runner/SDK_iOS/eContract-eKYC",
					"$(PROJECT_DIR)/Runner/SDK_iOS",
					"$(PROJECT_DIR)/Runner/SmartCA",
				);
				INFOPLIST_FILE = Runner/Info.plist;
				LD_RUNPATH_SEARCH_PATHS = (
					"$(inherited)",
					"@executable_path/Frameworks",
				);
				PRODUCT_BUNDLE_IDENTIFIER = com.onenet.new.tbps;
				PRODUCT_NAME = "$(TARGET_NAME)";
				PROVISIONING_PROFILE_SPECIFIER = "";
				"PROVISIONING_PROFILE_SPECIFIER[sdk=iphoneos*]" = TBPS_noti;
				SWIFT_OBJC_BRIDGING_HEADER = "Runner/Runner-Bridging-Header.h";
				SWIFT_VERSION = 5.0;
				VERSIONING_SYSTEM = "apple-generic";
			};
			name = Profile;
		};
		331C8088294A63A400263BE5 /* Debug */ = {
			isa = XCBuildConfiguration;
			baseConfigurationReference = F5C20C6E2F4725E89C3B0A4E /* Pods-RunnerTests.debug.xcconfig */;
			buildSettings = {
				BUNDLE_LOADER = "$(TEST_HOST)";
				CODE_SIGN_STYLE = Automatic;
				CURRENT_PROJECT_VERSION = 1;
				GENERATE_INFOPLIST_FILE = YES;
				MARKETING_VERSION = 1.0;
				PRODUCT_BUNDLE_IDENTIFIER = com.onenet.tbps.RunnerTests;
				PRODUCT_NAME = "$(TARGET_NAME)";
				SWIFT_ACTIVE_COMPILATION_CONDITIONS = DEBUG;
				SWIFT_OPTIMIZATION_LEVEL = "-Onone";
				SWIFT_VERSION = 5.0;
				TEST_HOST = "$(BUILT_PRODUCTS_DIR)/Runner.app/$(BUNDLE_EXECUTABLE_FOLDER_PATH)/Runner";
			};
			name = Debug;
		};
		331C8089294A63A400263BE5 /* Release */ = {
			isa = XCBuildConfiguration;
			baseConfigurationReference = CF66E9EBCE0F9B9EBAA431CE /* Pods-RunnerTests.release.xcconfig */;
			buildSettings = {
				BUNDLE_LOADER = "$(TEST_HOST)";
				CODE_SIGN_STYLE = Automatic;
				CURRENT_PROJECT_VERSION = 1;
				GENERATE_INFOPLIST_FILE = YES;
				MARKETING_VERSION = 1.0;
				PRODUCT_BUNDLE_IDENTIFIER = com.onenet.tbps.RunnerTests;
				PRODUCT_NAME = "$(TARGET_NAME)";
				SWIFT_VERSION = 5.0;
				TEST_HOST = "$(BUILT_PRODUCTS_DIR)/Runner.app/$(BUNDLE_EXECUTABLE_FOLDER_PATH)/Runner";
			};
			name = Release;
		};
		331C808A294A63A400263BE5 /* Profile */ = {
			isa = XCBuildConfiguration;
			baseConfigurationReference = 3FC9D4A1DA63A591740761F7 /* Pods-RunnerTests.profile.xcconfig */;
			buildSettings = {
				BUNDLE_LOADER = "$(TEST_HOST)";
				CODE_SIGN_STYLE = Automatic;
				CURRENT_PROJECT_VERSION = 1;
				GENERATE_INFOPLIST_FILE = YES;
				MARKETING_VERSION = 1.0;
				PRODUCT_BUNDLE_IDENTIFIER = com.onenet.tbps.RunnerTests;
				PRODUCT_NAME = "$(TARGET_NAME)";
				SWIFT_VERSION = 5.0;
				TEST_HOST = "$(BUILT_PRODUCTS_DIR)/Runner.app/$(BUNDLE_EXECUTABLE_FOLDER_PATH)/Runner";
			};
			name = Profile;
		};
		97C147031CF9000F007C117D /* Debug */ = {
			isa = XCBuildConfiguration;
			buildSettings = {
				ALWAYS_SEARCH_USER_PATHS = NO;
				ASSETCATALOG_COMPILER_GENERATE_SWIFT_ASSET_SYMBOL_EXTENSIONS = AppIcon;
				CLANG_ANALYZER_NONNULL = YES;
				CLANG_CXX_LANGUAGE_STANDARD = "gnu++0x";
				CLANG_CXX_LIBRARY = "libc++";
				CLANG_ENABLE_MODULES = YES;
				CLANG_ENABLE_OBJC_ARC = YES;
				CLANG_WARN_BLOCK_CAPTURE_AUTORELEASING = YES;
				CLANG_WARN_BOOL_CONVERSION = YES;
				CLANG_WARN_COMMA = YES;
				CLANG_WARN_CONSTANT_CONVERSION = YES;
				CLANG_WARN_DEPRECATED_OBJC_IMPLEMENTATIONS = YES;
				CLANG_WARN_DIRECT_OBJC_ISA_USAGE = YES_ERROR;
				CLANG_WARN_EMPTY_BODY = YES;
				CLANG_WARN_ENUM_CONVERSION = YES;
				CLANG_WARN_INFINITE_RECURSION = YES;
				CLANG_WARN_INT_CONVERSION = YES;
				CLANG_WARN_NON_LITERAL_NULL_CONVERSION = YES;
				CLANG_WARN_OBJC_IMPLICIT_RETAIN_SELF = YES;
				CLANG_WARN_OBJC_LITERAL_CONVERSION = YES;
				CLANG_WARN_OBJC_ROOT_CLASS = YES_ERROR;
				CLANG_WARN_RANGE_LOOP_ANALYSIS = YES;
				CLANG_WARN_STRICT_PROTOTYPES = YES;
				CLANG_WARN_SUSPICIOUS_MOVE = YES;
				CLANG_WARN_UNREACHABLE_CODE = YES;
				CLANG_WARN__DUPLICATE_METHOD_MATCH = YES;
				"CODE_SIGN_IDENTITY[sdk=iphoneos*]" = "iPhone Developer";
				COPY_PHASE_STRIP = NO;
				DEBUG_INFORMATION_FORMAT = dwarf;
				ENABLE_STRICT_OBJC_MSGSEND = YES;
				ENABLE_TESTABILITY = YES;
				ENABLE_USER_SCRIPT_SANDBOXING = NO;
				GCC_C_LANGUAGE_STANDARD = gnu99;
				GCC_DYNAMIC_NO_PIC = NO;
				GCC_NO_COMMON_BLOCKS = YES;
				GCC_OPTIMIZATION_LEVEL = 0;
				GCC_PREPROCESSOR_DEFINITIONS = (
					"DEBUG=1",
					"$(inherited)",
				);
				GCC_WARN_64_TO_32_BIT_CONVERSION = YES;
				GCC_WARN_ABOUT_RETURN_TYPE = YES_ERROR;
				GCC_WARN_UNDECLARED_SELECTOR = YES;
				GCC_WARN_UNINITIALIZED_AUTOS = YES_AGGRESSIVE;
				GCC_WARN_UNUSED_FUNCTION = YES;
				GCC_WARN_UNUSED_VARIABLE = YES;
				IPHONEOS_DEPLOYMENT_TARGET = 12.0;
				MTL_ENABLE_DEBUG_INFO = YES;
				ONLY_ACTIVE_ARCH = YES;
				SDKROOT = iphoneos;
				TARGETED_DEVICE_FAMILY = "1,2";
			};
			name = Debug;
		};
		97C147041CF9000F007C117D /* Release */ = {
			isa = XCBuildConfiguration;
			buildSettings = {
				ALWAYS_SEARCH_USER_PATHS = NO;
				ASSETCATALOG_COMPILER_GENERATE_SWIFT_ASSET_SYMBOL_EXTENSIONS = AppIcon;
				CLANG_ANALYZER_NONNULL = YES;
				CLANG_CXX_LANGUAGE_STANDARD = "gnu++0x";
				CLANG_CXX_LIBRARY = "libc++";
				CLANG_ENABLE_MODULES = YES;
				CLANG_ENABLE_OBJC_ARC = YES;
				CLANG_WARN_BLOCK_CAPTURE_AUTORELEASING = YES;
				CLANG_WARN_BOOL_CONVERSION = YES;
				CLANG_WARN_COMMA = YES;
				CLANG_WARN_CONSTANT_CONVERSION = YES;
				CLANG_WARN_DEPRECATED_OBJC_IMPLEMENTATIONS = YES;
				CLANG_WARN_DIRECT_OBJC_ISA_USAGE = YES_ERROR;
				CLANG_WARN_EMPTY_BODY = YES;
				CLANG_WARN_ENUM_CONVERSION = YES;
				CLANG_WARN_INFINITE_RECURSION = YES;
				CLANG_WARN_INT_CONVERSION = YES;
				CLANG_WARN_NON_LITERAL_NULL_CONVERSION = YES;
				CLANG_WARN_OBJC_IMPLICIT_RETAIN_SELF = YES;
				CLANG_WARN_OBJC_LITERAL_CONVERSION = YES;
				CLANG_WARN_OBJC_ROOT_CLASS = YES_ERROR;
				CLANG_WARN_RANGE_LOOP_ANALYSIS = YES;
				CLANG_WARN_STRICT_PROTOTYPES = YES;
				CLANG_WARN_SUSPICIOUS_MOVE = YES;
				CLANG_WARN_UNREACHABLE_CODE = YES;
				CLANG_WARN__DUPLICATE_METHOD_MATCH = YES;
				"CODE_SIGN_IDENTITY[sdk=iphoneos*]" = "iPhone Developer";
				COPY_PHASE_STRIP = NO;
				DEBUG_INFORMATION_FORMAT = "dwarf-with-dsym";
				ENABLE_NS_ASSERTIONS = NO;
				ENABLE_STRICT_OBJC_MSGSEND = YES;
				ENABLE_USER_SCRIPT_SANDBOXING = NO;
				GCC_C_LANGUAGE_STANDARD = gnu99;
				GCC_NO_COMMON_BLOCKS = YES;
				GCC_WARN_64_TO_32_BIT_CONVERSION = YES;
				GCC_WARN_ABOUT_RETURN_TYPE = YES_ERROR;
				GCC_WARN_UNDECLARED_SELECTOR = YES;
				GCC_WARN_UNINITIALIZED_AUTOS = YES_AGGRESSIVE;
				GCC_WARN_UNUSED_FUNCTION = YES;
				GCC_WARN_UNUSED_VARIABLE = YES;
				IPHONEOS_DEPLOYMENT_TARGET = 12.0;
				MTL_ENABLE_DEBUG_INFO = NO;
				SDKROOT = iphoneos;
				SUPPORTED_PLATFORMS = iphoneos;
				SWIFT_COMPILATION_MODE = wholemodule;
				SWIFT_OPTIMIZATION_LEVEL = "-O";
				TARGETED_DEVICE_FAMILY = "1,2";
				VALIDATE_PRODUCT = YES;
			};
			name = Release;
		};
		97C147061CF9000F007C117D /* Debug */ = {
			isa = XCBuildConfiguration;
			baseConfigurationReference = 9740EEB21CF90195004384FC /* Debug.xcconfig */;
			buildSettings = {
				ASSETCATALOG_COMPILER_APPICON_NAME = AppIcon;
				CLANG_ENABLE_MODULES = YES;
				CODE_SIGN_ENTITLEMENTS = Runner/Runner.entitlements;
				CODE_SIGN_IDENTITY = "Apple Development";
				"CODE_SIGN_IDENTITY[sdk=iphoneos*]" = "iPhone Distribution";
				CODE_SIGN_STYLE = Manual;
				CURRENT_PROJECT_VERSION = 16;
				DEBUG_INFORMATION_FORMAT = "dwarf-with-dsym";
				DEVELOPMENT_TEAM = "";
				"DEVELOPMENT_TEAM[sdk=iphoneos*]" = 6R2BV3B8CZ;
				ENABLE_BITCODE = NO;
				FRAMEWORK_SEARCH_PATHS = (
					"$(inherited)",
					"$(PROJECT_DIR)/Runner/SDK_iOS/eContract-eKYC",
					"$(PROJECT_DIR)/Runner/SDK_iOS",
					"$(PROJECT_DIR)/Runner/SmartCA",
				);
				INFOPLIST_FILE = Runner/Info.plist;
				LD_RUNPATH_SEARCH_PATHS = (
					"$(inherited)",
					"@executable_path/Frameworks",
				);
				PRODUCT_BUNDLE_IDENTIFIER = com.onenet.new.tbps;
				PRODUCT_NAME = "$(TARGET_NAME)";
				PROVISIONING_PROFILE_SPECIFIER = "";
				"PROVISIONING_PROFILE_SPECIFIER[sdk=iphoneos*]" = TBPS_noti;
				SWIFT_OBJC_BRIDGING_HEADER = "Runner/Runner-Bridging-Header.h";
				SWIFT_OPTIMIZATION_LEVEL = "-Onone";
				SWIFT_VERSION = 5.0;
				VERSIONING_SYSTEM = "apple-generic";
			};
			name = Debug;
		};
		97C147071CF9000F007C117D /* Release */ = {
			isa = XCBuildConfiguration;
			baseConfigurationReference = 7AFA3C8E1D35360C0083082E /* Release.xcconfig */;
			buildSettings = {
				ASSETCATALOG_COMPILER_APPICON_NAME = AppIcon;
				CLANG_ENABLE_MODULES = YES;
				CODE_SIGN_ENTITLEMENTS = Runner/Runner.entitlements;
				CODE_SIGN_IDENTITY = "Apple Development";
				"CODE_SIGN_IDENTITY[sdk=iphoneos*]" = "iPhone Distribution";
				CODE_SIGN_STYLE = Manual;
				CURRENT_PROJECT_VERSION = 16;
				DEVELOPMENT_TEAM = "";
				"DEVELOPMENT_TEAM[sdk=iphoneos*]" = 6R2BV3B8CZ;
				ENABLE_BITCODE = NO;
				FRAMEWORK_SEARCH_PATHS = (
					"$(inherited)",
					"$(PROJECT_DIR)/Runner/SDK_iOS/eContract-eKYC",
					"$(PROJECT_DIR)/Runner/SDK_iOS",
					"$(PROJECT_DIR)/Runner/SmartCA",
				);
				INFOPLIST_FILE = Runner/Info.plist;
				LD_RUNPATH_SEARCH_PATHS = (
					"$(inherited)",
					"@executable_path/Frameworks",
				);
				PRODUCT_BUNDLE_IDENTIFIER = com.onenet.new.tbps;
				PRODUCT_NAME = "$(TARGET_NAME)";
				PROVISIONING_PROFILE_SPECIFIER = "";
				"PROVISIONING_PROFILE_SPECIFIER[sdk=iphoneos*]" = TBPS_noti;
				SWIFT_OBJC_BRIDGING_HEADER = "Runner/Runner-Bridging-Header.h";
				SWIFT_VERSION = 5.0;
				VERSIONING_SYSTEM = "apple-generic";
			};
			name = Release;
		};
/* End XCBuildConfiguration section */

/* Begin XCConfigurationList section */
		331C8087294A63A400263BE5 /* Build configuration list for PBXNativeTarget "RunnerTests" */ = {
			isa = XCConfigurationList;
			buildConfigurations = (
				331C8088294A63A400263BE5 /* Debug */,
				331C8089294A63A400263BE5 /* Release */,
				331C808A294A63A400263BE5 /* Profile */,
			);
			defaultConfigurationIsVisible = 0;
			defaultConfigurationName = Release;
		};
		97C146E91CF9000F007C117D /* Build configuration list for PBXProject "Runner" */ = {
			isa = XCConfigurationList;
			buildConfigurations = (
				97C147031CF9000F007C117D /* Debug */,
				97C147041CF9000F007C117D /* Release */,
				249021D3217E4FDB00AE95B9 /* Profile */,
			);
			defaultConfigurationIsVisible = 0;
			defaultConfigurationName = Release;
		};
		97C147051CF9000F007C117D /* Build configuration list for PBXNativeTarget "Runner" */ = {
			isa = XCConfigurationList;
			buildConfigurations = (
				97C147061CF9000F007C117D /* Debug */,
				97C147071CF9000F007C117D /* Release */,
				249021D4217E4FDB00AE95B9 /* Profile */,
			);
			defaultConfigurationIsVisible = 0;
			defaultConfigurationName = Release;
		};
/* End XCConfigurationList section */
	};
	rootObject = 97C146E61CF9000F007C117D /* Project object */;
}
